
Microsoft Visual Studio Solution File, Format Version 12.00
# Visual Studio Version 16
VisualStudioVersion = 16.0.33423.256
MinimumVisualStudioVersion = 10.0.40219.1
Project("{FAE04EC0-301F-11D3-BF4B-00C04F79EFBC}") = "RAAMEN", "RAAMEN\RAAMEN.csproj", "{99DC0A63-72C3-4307-A1F2-3C0F4376A953}"
EndProject
Global
	GlobalSection(SolutionConfigurationPlatforms) = preSolution
		Debug|Any CPU = Debug|Any CPU
		Release|Any CPU = Release|Any CPU
	EndGlobalSection
	GlobalSection(ProjectConfigurationPlatforms) = postSolution
		{99DC0A63-72C3-4307-A1F2-3C0F4376A953}.Debug|Any CPU.ActiveCfg = Debug|Any CPU
		{99DC0A63-72C3-4307-A1F2-3C0F4376A953}.Debug|Any CPU.Build.0 = Debug|Any CPU
		{99DC0A63-72C3-4307-A1F2-3C0F4376A953}.Release|Any CPU.ActiveCfg = Release|Any CPU
		{99DC0A63-72C3-4307-A1F2-3C0F4376A953}.Release|Any CPU.Build.0 = Release|Any CPU
	EndGlobalSection
	GlobalSection(SolutionProperties) = preSolution
		HideSolutionNode = FALSE
	EndGlobalSection
	GlobalSection(ExtensibilityGlobals) = postSolution
		SolutionGuid = {6442C1DD-D810-43FB-835D-D84B08F1BFFE}
	EndGlobalSection
EndGlobal
