
Microsoft Visual Studio Solution File, Format Version 12.00
# Visual Studio Version 16
VisualStudioVersion = 16.0.33423.256
MinimumVisualStudioVersion = 10.0.40219.1
Project("{FAE04EC0-301F-11D3-BF4B-00C04F79EFBC}") = "PSD_LabProject", "PSD_LabProject\PSD_LabProject.csproj", "{61C80A83-B4F8-4924-806D-295E7E9A3876}"
EndProject
Global
	GlobalSection(SolutionConfigurationPlatforms) = preSolution
		Debug|Any CPU = Debug|Any CPU
		Release|Any CPU = Release|Any CPU
	EndGlobalSection
	GlobalSection(ProjectConfigurationPlatforms) = postSolution
		{61C80A83-B4F8-4924-806D-295E7E9A3876}.Debug|Any CPU.ActiveCfg = Debug|Any CPU
		{61C80A83-B4F8-4924-806D-295E7E9A3876}.Debug|Any CPU.Build.0 = Debug|Any CPU
		{61C80A83-B4F8-4924-806D-295E7E9A3876}.Release|Any CPU.ActiveCfg = Release|Any CPU
		{61C80A83-B4F8-4924-806D-295E7E9A3876}.Release|Any CPU.Build.0 = Release|Any CPU
	EndGlobalSection
	GlobalSection(SolutionProperties) = preSolution
		HideSolutionNode = FALSE
	EndGlobalSection
	GlobalSection(ExtensibilityGlobals) = postSolution
		SolutionGuid = {07978145-24EA-4551-A15C-C84CE19112A0}
	EndGlobalSection
EndGlobal
